
Microsoft Visual Studio Solution File, Format Version 12.00
# Visual Studio Version 16
VisualStudioVersion = 16.0.28922.388
MinimumVisualStudioVersion = 10.0.40219.1
Project("{9A19103F-16F7-4668-BE54-9A1E7A4F7556}") = "PrismApp", "PrismApp\PrismApp\PrismApp.csproj", "{85C4F9A8-43FD-41A1-8E8D-6A345F085B2A}"
EndProject
Project("{FAE04EC0-301F-11D3-BF4B-00C04F79EFBC}") = "PrismApp.Android", "PrismApp\PrismApp.Android\PrismApp.Android.csproj", "{CD11331E-EB2E-4FF2-8D2E-F623EA4CC098}"
EndProject
Project("{FAE04EC0-301F-11D3-BF4B-00C04F79EFBC}") = "PrismApp.iOS", "PrismApp\PrismApp.iOS\PrismApp.iOS.csproj", "{48E7EDF6-CA4B-4FC8-A4E7-43AC472D6F75}"
EndProject
Project("{2150E333-8FDC-42A3-9474-1A3956D46DE8}") = "Tests", "Tests", "{ECC6F0C0-40DA-4DB9-9E0C-D2A473D129D5}"
EndProject
Project("{FAE04EC0-301F-11D3-BF4B-00C04F79EFBC}") = "PrismApp.Tests", "PrismApp.Tests\PrismApp.Tests.csproj", "{CA655550-A75D-4DE9-A6B0-76ADF8C674EC}"
EndProject
Global
	GlobalSection(SolutionConfigurationPlatforms) = preSolution
		Ad-Hoc|Any CPU = Ad-Hoc|Any CPU
		Ad-Hoc|iPhone = Ad-Hoc|iPhone
		Ad-Hoc|iPhoneSimulator = Ad-Hoc|iPhoneSimulator
		AppStore|Any CPU = AppStore|Any CPU
		AppStore|iPhone = AppStore|iPhone
		AppStore|iPhoneSimulator = AppStore|iPhoneSimulator
		Debug|Any CPU = Debug|Any CPU
		Debug|iPhone = Debug|iPhone
		Debug|iPhoneSimulator = Debug|iPhoneSimulator
		Release|Any CPU = Release|Any CPU
		Release|iPhone = Release|iPhone
		Release|iPhoneSimulator = Release|iPhoneSimulator
	EndGlobalSection
	GlobalSection(ProjectConfigurationPlatforms) = postSolution
		{85C4F9A8-43FD-41A1-8E8D-6A345F085B2A}.Ad-Hoc|Any CPU.ActiveCfg = Debug|Any CPU
		{85C4F9A8-43FD-41A1-8E8D-6A345F085B2A}.Ad-Hoc|Any CPU.Build.0 = Debug|Any CPU
		{85C4F9A8-43FD-41A1-8E8D-6A345F085B2A}.Ad-Hoc|iPhone.ActiveCfg = Debug|Any CPU
		{85C4F9A8-43FD-41A1-8E8D-6A345F085B2A}.Ad-Hoc|iPhone.Build.0 = Debug|Any CPU
		{85C4F9A8-43FD-41A1-8E8D-6A345F085B2A}.Ad-Hoc|iPhoneSimulator.ActiveCfg = Debug|Any CPU
		{85C4F9A8-43FD-41A1-8E8D-6A345F085B2A}.Ad-Hoc|iPhoneSimulator.Build.0 = Debug|Any CPU
		{85C4F9A8-43FD-41A1-8E8D-6A345F085B2A}.AppStore|Any CPU.ActiveCfg = Debug|Any CPU
		{85C4F9A8-43FD-41A1-8E8D-6A345F085B2A}.AppStore|Any CPU.Build.0 = Debug|Any CPU
		{85C4F9A8-43FD-41A1-8E8D-6A345F085B2A}.AppStore|iPhone.ActiveCfg = Debug|Any CPU
		{85C4F9A8-43FD-41A1-8E8D-6A345F085B2A}.AppStore|iPhone.Build.0 = Debug|Any CPU
		{85C4F9A8-43FD-41A1-8E8D-6A345F085B2A}.AppStore|iPhoneSimulator.ActiveCfg = Debug|Any CPU
		{85C4F9A8-43FD-41A1-8E8D-6A345F085B2A}.AppStore|iPhoneSimulator.Build.0 = Debug|Any CPU
		{85C4F9A8-43FD-41A1-8E8D-6A345F085B2A}.Debug|Any CPU.ActiveCfg = Debug|Any CPU
		{85C4F9A8-43FD-41A1-8E8D-6A345F085B2A}.Debug|Any CPU.Build.0 = Debug|Any CPU
		{85C4F9A8-43FD-41A1-8E8D-6A345F085B2A}.Debug|iPhone.ActiveCfg = Debug|Any CPU
		{85C4F9A8-43FD-41A1-8E8D-6A345F085B2A}.Debug|iPhone.Build.0 = Debug|Any CPU
		{85C4F9A8-43FD-41A1-8E8D-6A345F085B2A}.Debug|iPhoneSimulator.ActiveCfg = Debug|Any CPU
		{85C4F9A8-43FD-41A1-8E8D-6A345F085B2A}.Debug|iPhoneSimulator.Build.0 = Debug|Any CPU
		{85C4F9A8-43FD-41A1-8E8D-6A345F085B2A}.Release|Any CPU.ActiveCfg = Release|Any CPU
		{85C4F9A8-43FD-41A1-8E8D-6A345F085B2A}.Release|Any CPU.Build.0 = Release|Any CPU
		{85C4F9A8-43FD-41A1-8E8D-6A345F085B2A}.Release|iPhone.ActiveCfg = Release|Any CPU
		{85C4F9A8-43FD-41A1-8E8D-6A345F085B2A}.Release|iPhone.Build.0 = Release|Any CPU
		{85C4F9A8-43FD-41A1-8E8D-6A345F085B2A}.Release|iPhoneSimulator.ActiveCfg = Release|Any CPU
		{85C4F9A8-43FD-41A1-8E8D-6A345F085B2A}.Release|iPhoneSimulator.Build.0 = Release|Any CPU
		{CD11331E-EB2E-4FF2-8D2E-F623EA4CC098}.Ad-Hoc|Any CPU.ActiveCfg = Release|Any CPU
		{CD11331E-EB2E-4FF2-8D2E-F623EA4CC098}.Ad-Hoc|Any CPU.Build.0 = Release|Any CPU
		{CD11331E-EB2E-4FF2-8D2E-F623EA4CC098}.Ad-Hoc|Any CPU.Deploy.0 = Release|Any CPU
		{CD11331E-EB2E-4FF2-8D2E-F623EA4CC098}.Ad-Hoc|iPhone.ActiveCfg = Release|Any CPU
		{CD11331E-EB2E-4FF2-8D2E-F623EA4CC098}.Ad-Hoc|iPhone.Build.0 = Release|Any CPU
		{CD11331E-EB2E-4FF2-8D2E-F623EA4CC098}.Ad-Hoc|iPhone.Deploy.0 = Release|Any CPU
		{CD11331E-EB2E-4FF2-8D2E-F623EA4CC098}.Ad-Hoc|iPhoneSimulator.ActiveCfg = Release|Any CPU
		{CD11331E-EB2E-4FF2-8D2E-F623EA4CC098}.Ad-Hoc|iPhoneSimulator.Build.0 = Release|Any CPU
		{CD11331E-EB2E-4FF2-8D2E-F623EA4CC098}.Ad-Hoc|iPhoneSimulator.Deploy.0 = Release|Any CPU
		{CD11331E-EB2E-4FF2-8D2E-F623EA4CC098}.AppStore|Any CPU.ActiveCfg = Release|Any CPU
		{CD11331E-EB2E-4FF2-8D2E-F623EA4CC098}.AppStore|Any CPU.Build.0 = Release|Any CPU
		{CD11331E-EB2E-4FF2-8D2E-F623EA4CC098}.AppStore|Any CPU.Deploy.0 = Release|Any CPU
		{CD11331E-EB2E-4FF2-8D2E-F623EA4CC098}.AppStore|iPhone.ActiveCfg = Release|Any CPU
		{CD11331E-EB2E-4FF2-8D2E-F623EA4CC098}.AppStore|iPhone.Build.0 = Release|Any CPU
		{CD11331E-EB2E-4FF2-8D2E-F623EA4CC098}.AppStore|iPhone.Deploy.0 = Release|Any CPU
		{CD11331E-EB2E-4FF2-8D2E-F623EA4CC098}.AppStore|iPhoneSimulator.ActiveCfg = Release|Any CPU
		{CD11331E-EB2E-4FF2-8D2E-F623EA4CC098}.AppStore|iPhoneSimulator.Build.0 = Release|Any CPU
		{CD11331E-EB2E-4FF2-8D2E-F623EA4CC098}.AppStore|iPhoneSimulator.Deploy.0 = Release|Any CPU
		{CD11331E-EB2E-4FF2-8D2E-F623EA4CC098}.Debug|Any CPU.ActiveCfg = Debug|Any CPU
		{CD11331E-EB2E-4FF2-8D2E-F623EA4CC098}.Debug|Any CPU.Build.0 = Debug|Any CPU
		{CD11331E-EB2E-4FF2-8D2E-F623EA4CC098}.Debug|Any CPU.Deploy.0 = Debug|Any CPU
		{CD11331E-EB2E-4FF2-8D2E-F623EA4CC098}.Debug|iPhone.ActiveCfg = Debug|Any CPU
		{CD11331E-EB2E-4FF2-8D2E-F623EA4CC098}.Debug|iPhone.Build.0 = Debug|Any CPU
		{CD11331E-EB2E-4FF2-8D2E-F623EA4CC098}.Debug|iPhone.Deploy.0 = Debug|Any CPU
		{CD11331E-EB2E-4FF2-8D2E-F623EA4CC098}.Debug|iPhoneSimulator.ActiveCfg = Debug|Any CPU
		{CD11331E-EB2E-4FF2-8D2E-F623EA4CC098}.Debug|iPhoneSimulator.Build.0 = Debug|Any CPU
		{CD11331E-EB2E-4FF2-8D2E-F623EA4CC098}.Debug|iPhoneSimulator.Deploy.0 = Debug|Any CPU
		{CD11331E-EB2E-4FF2-8D2E-F623EA4CC098}.Release|Any CPU.ActiveCfg = Release|Any CPU
		{CD11331E-EB2E-4FF2-8D2E-F623EA4CC098}.Release|Any CPU.Build.0 = Release|Any CPU
		{CD11331E-EB2E-4FF2-8D2E-F623EA4CC098}.Release|Any CPU.Deploy.0 = Release|Any CPU
		{CD11331E-EB2E-4FF2-8D2E-F623EA4CC098}.Release|iPhone.ActiveCfg = Release|Any CPU
		{CD11331E-EB2E-4FF2-8D2E-F623EA4CC098}.Release|iPhone.Build.0 = Release|Any CPU
		{CD11331E-EB2E-4FF2-8D2E-F623EA4CC098}.Release|iPhone.Deploy.0 = Release|Any CPU
		{CD11331E-EB2E-4FF2-8D2E-F623EA4CC098}.Release|iPhoneSimulator.ActiveCfg = Release|Any CPU
		{CD11331E-EB2E-4FF2-8D2E-F623EA4CC098}.Release|iPhoneSimulator.Build.0 = Release|Any CPU
		{CD11331E-EB2E-4FF2-8D2E-F623EA4CC098}.Release|iPhoneSimulator.Deploy.0 = Release|Any CPU
		{48E7EDF6-CA4B-4FC8-A4E7-43AC472D6F75}.Ad-Hoc|Any CPU.ActiveCfg = Ad-Hoc|iPhone
		{48E7EDF6-CA4B-4FC8-A4E7-43AC472D6F75}.Ad-Hoc|iPhone.ActiveCfg = Ad-Hoc|iPhone
		{48E7EDF6-CA4B-4FC8-A4E7-43AC472D6F75}.Ad-Hoc|iPhone.Build.0 = Ad-Hoc|iPhone
		{48E7EDF6-CA4B-4FC8-A4E7-43AC472D6F75}.Ad-Hoc|iPhoneSimulator.ActiveCfg = Ad-Hoc|iPhoneSimulator
		{48E7EDF6-CA4B-4FC8-A4E7-43AC472D6F75}.Ad-Hoc|iPhoneSimulator.Build.0 = Ad-Hoc|iPhoneSimulator
		{48E7EDF6-CA4B-4FC8-A4E7-43AC472D6F75}.AppStore|Any CPU.ActiveCfg = AppStore|iPhone
		{48E7EDF6-CA4B-4FC8-A4E7-43AC472D6F75}.AppStore|iPhone.ActiveCfg = AppStore|iPhone
		{48E7EDF6-CA4B-4FC8-A4E7-43AC472D6F75}.AppStore|iPhone.Build.0 = AppStore|iPhone
		{48E7EDF6-CA4B-4FC8-A4E7-43AC472D6F75}.AppStore|iPhoneSimulator.ActiveCfg = AppStore|iPhoneSimulator
		{48E7EDF6-CA4B-4FC8-A4E7-43AC472D6F75}.AppStore|iPhoneSimulator.Build.0 = AppStore|iPhoneSimulator
		{48E7EDF6-CA4B-4FC8-A4E7-43AC472D6F75}.Debug|Any CPU.ActiveCfg = Debug|iPhone
		{48E7EDF6-CA4B-4FC8-A4E7-43AC472D6F75}.Debug|iPhone.ActiveCfg = Debug|iPhone
		{48E7EDF6-CA4B-4FC8-A4E7-43AC472D6F75}.Debug|iPhone.Build.0 = Debug|iPhone
		{48E7EDF6-CA4B-4FC8-A4E7-43AC472D6F75}.Debug|iPhoneSimulator.ActiveCfg = Debug|iPhoneSimulator
		{48E7EDF6-CA4B-4FC8-A4E7-43AC472D6F75}.Debug|iPhoneSimulator.Build.0 = Debug|iPhoneSimulator
		{48E7EDF6-CA4B-4FC8-A4E7-43AC472D6F75}.Release|Any CPU.ActiveCfg = Release|iPhone
		{48E7EDF6-CA4B-4FC8-A4E7-43AC472D6F75}.Release|iPhone.ActiveCfg = Release|iPhone
		{48E7EDF6-CA4B-4FC8-A4E7-43AC472D6F75}.Release|iPhone.Build.0 = Release|iPhone
		{48E7EDF6-CA4B-4FC8-A4E7-43AC472D6F75}.Release|iPhoneSimulator.ActiveCfg = Release|iPhoneSimulator
		{48E7EDF6-CA4B-4FC8-A4E7-43AC472D6F75}.Release|iPhoneSimulator.Build.0 = Release|iPhoneSimulator
		{CA655550-A75D-4DE9-A6B0-76ADF8C674EC}.Ad-Hoc|Any CPU.ActiveCfg = Debug|Any CPU
		{CA655550-A75D-4DE9-A6B0-76ADF8C674EC}.Ad-Hoc|Any CPU.Build.0 = Debug|Any CPU
		{CA655550-A75D-4DE9-A6B0-76ADF8C674EC}.Ad-Hoc|iPhone.ActiveCfg = Debug|Any CPU
		{CA655550-A75D-4DE9-A6B0-76ADF8C674EC}.Ad-Hoc|iPhone.Build.0 = Debug|Any CPU
		{CA655550-A75D-4DE9-A6B0-76ADF8C674EC}.Ad-Hoc|iPhoneSimulator.ActiveCfg = Debug|Any CPU
		{CA655550-A75D-4DE9-A6B0-76ADF8C674EC}.Ad-Hoc|iPhoneSimulator.Build.0 = Debug|Any CPU
		{CA655550-A75D-4DE9-A6B0-76ADF8C674EC}.AppStore|Any CPU.ActiveCfg = Debug|Any CPU
		{CA655550-A75D-4DE9-A6B0-76ADF8C674EC}.AppStore|Any CPU.Build.0 = Debug|Any CPU
		{CA655550-A75D-4DE9-A6B0-76ADF8C674EC}.AppStore|iPhone.ActiveCfg = Debug|Any CPU
		{CA655550-A75D-4DE9-A6B0-76ADF8C674EC}.AppStore|iPhone.Build.0 = Debug|Any CPU
		{CA655550-A75D-4DE9-A6B0-76ADF8C674EC}.AppStore|iPhoneSimulator.ActiveCfg = Debug|Any CPU
		{CA655550-A75D-4DE9-A6B0-76ADF8C674EC}.AppStore|iPhoneSimulator.Build.0 = Debug|Any CPU
		{CA655550-A75D-4DE9-A6B0-76ADF8C674EC}.Debug|Any CPU.ActiveCfg = Debug|Any CPU
		{CA655550-A75D-4DE9-A6B0-76ADF8C674EC}.Debug|Any CPU.Build.0 = Debug|Any CPU
		{CA655550-A75D-4DE9-A6B0-76ADF8C674EC}.Debug|iPhone.ActiveCfg = Debug|Any CPU
		{CA655550-A75D-4DE9-A6B0-76ADF8C674EC}.Debug|iPhone.Build.0 = Debug|Any CPU
		{CA655550-A75D-4DE9-A6B0-76ADF8C674EC}.Debug|iPhoneSimulator.ActiveCfg = Debug|Any CPU
		{CA655550-A75D-4DE9-A6B0-76ADF8C674EC}.Debug|iPhoneSimulator.Build.0 = Debug|Any CPU
		{CA655550-A75D-4DE9-A6B0-76ADF8C674EC}.Release|Any CPU.ActiveCfg = Release|Any CPU
		{CA655550-A75D-4DE9-A6B0-76ADF8C674EC}.Release|Any CPU.Build.0 = Release|Any CPU
		{CA655550-A75D-4DE9-A6B0-76ADF8C674EC}.Release|iPhone.ActiveCfg = Release|Any CPU
		{CA655550-A75D-4DE9-A6B0-76ADF8C674EC}.Release|iPhone.Build.0 = Release|Any CPU
		{CA655550-A75D-4DE9-A6B0-76ADF8C674EC}.Release|iPhoneSimulator.ActiveCfg = Release|Any CPU
		{CA655550-A75D-4DE9-A6B0-76ADF8C674EC}.Release|iPhoneSimulator.Build.0 = Release|Any CPU
	EndGlobalSection
	GlobalSection(SolutionProperties) = preSolution
		HideSolutionNode = FALSE
	EndGlobalSection
	GlobalSection(NestedProjects) = preSolution
		{CA655550-A75D-4DE9-A6B0-76ADF8C674EC} = {ECC6F0C0-40DA-4DB9-9E0C-D2A473D129D5}
	EndGlobalSection
	GlobalSection(ExtensibilityGlobals) = postSolution
		SolutionGuid = {4AF79E32-0EB2-4231-9543-7BF2A6B19CEA}
	EndGlobalSection
EndGlobal
